// !$*UTF8*$!
{
	archiveVersion = 1;
	classes = {
	};
	objectVersion = 77;
	objects = {

/* Begin PBXBuildFile section */
		222EFF042AE889DF44E2A041 /* ChallengeViewController.swift in Sources */ = {isa = PBXBuildFile; fileRef = 630F163BA1DA97A724F6F653 /* ChallengeViewController.swift */; };
		29C00E74DBD2AFA547AA4EC9 /* Flow.swift in Sources */ = {isa = PBXBuildFile; fileRef = 1BEED4F02A3E2391A924900C /* Flow.swift */; };
		45058822DE62D69F659013B3 /* Sensors.swift in Sources */ = {isa = PBXBuildFile; fileRef = EE7BF253907BC42F1EF47A86 /* Sensors.swift */; };
		87BE005AF867ED2C42D27924 /* Views.swift in Sources */ = {isa = PBXBuildFile; fileRef = C0EE1958B73703C638707C96 /* Views.swift */; };
		9F93CF6799A8127470A34591 /* ResultsView.swift in Sources */ = {isa = PBXBuildFile; fileRef = 4ABE877C4626F8DF41324823 /* ResultsView.swift */; };
		A911F6F242E7B3B9FBBA573D /* Models.swift in Sources */ = {isa = PBXBuildFile; fileRef = 009A4C1C4E2476692C6E8F91 /* Models.swift */; };
		B31E2F2FC572310482C9F76C /* API.swift in Sources */ = {isa = PBXBuildFile; fileRef = 647FB18F1791FE824E019B23 /* API.swift */; };
		D8314275E07E16F4563B5F02 /* CaptureController.swift in Sources */ = {isa = PBXBuildFile; fileRef = 6CDB81D9A059E48993B15A54 /* CaptureController.swift */; };
/* End PBXBuildFile section */

/* Begin PBXFileReference section */
		009A4C1C4E2476692C6E8F91 /* Models.swift */ = {isa = PBXFileReference; lastKnownFileType = sourcecode.swift; path = Models.swift; sourceTree = "<group>"; };
		1BEED4F02A3E2391A924900C /* Flow.swift */ = {isa = PBXFileReference; lastKnownFileType = sourcecode.swift; path = Flow.swift; sourceTree = "<group>"; };
		4ABE877C4626F8DF41324823 /* ResultsView.swift */ = {isa = PBXFileReference; lastKnownFileType = sourcecode.swift; path = ResultsView.swift; sourceTree = "<group>"; };
		630F163BA1DA97A724F6F653 /* ChallengeViewController.swift */ = {isa = PBXFileReference; lastKnownFileType = sourcecode.swift; path = ChallengeViewController.swift; sourceTree = "<group>"; };
		647FB18F1791FE824E019B23 /* API.swift */ = {isa = PBXFileReference; lastKnownFileType = sourcecode.swift; path = API.swift; sourceTree = "<group>"; };
		6CDB81D9A059E48993B15A54 /* CaptureController.swift */ = {isa = PBXFileReference; lastKnownFileType = sourcecode.swift; path = CaptureController.swift; sourceTree = "<group>"; };
		AAD231A17F77C459C84022D0 /* InHuman.app */ = {isa = PBXFileReference; includeInIndex = 0; lastKnownFileType = wrapper.application; path = InHuman.app; sourceTree = BUILT_PRODUCTS_DIR; };
		C0EE1958B73703C638707C96 /* Views.swift */ = {isa = PBXFileReference; lastKnownFileType = sourcecode.swift; path = Views.swift; sourceTree = "<group>"; };
		EE7BF253907BC42F1EF47A86 /* Sensors.swift */ = {isa = PBXFileReference; lastKnownFileType = sourcecode.swift; path = Sensors.swift; sourceTree = "<group>"; };
/* End PBXFileReference section */

/* Begin PBXGroup section */
		2C0FEB48A9B2757D7FC7E390 /* Products */ = {
			isa = PBXGroup;
			children = (
				AAD231A17F77C459C84022D0 /* InHuman.app */,
			);
			name = Products;
			sourceTree = "<group>";
		};
		4B0116F64F2FD95B25BBC41F /* Sources */ = {
			isa = PBXGroup;
			children = (
				647FB18F1791FE824E019B23 /* API.swift */,
				6CDB81D9A059E48993B15A54 /* CaptureController.swift */,
				630F163BA1DA97A724F6F653 /* ChallengeViewController.swift */,
				1BEED4F02A3E2391A924900C /* Flow.swift */,
				009A4C1C4E2476692C6E8F91 /* Models.swift */,
				4ABE877C4626F8DF41324823 /* ResultsView.swift */,
				EE7BF253907BC42F1EF47A86 /* Sensors.swift */,
				C0EE1958B73703C638707C96 /* Views.swift */,
			);
			path = Sources;
			sourceTree = "<group>";
		};
		CB63E8BD553C3004567CB212 = {
			isa = PBXGroup;
			children = (
				4B0116F64F2FD95B25BBC41F /* Sources */,
				2C0FEB48A9B2757D7FC7E390 /* Products */,
			);
			sourceTree = "<group>";
		};
/* End PBXGroup section */

/* Begin PBXNativeTarget section */
		472075BD4C50AF9CCB4BBA1B /* InHuman */ = {
			isa = PBXNativeTarget;
			buildConfigurationList = A230CB35BDCFAE06A82F59C1 /* Build configuration list for PBXNativeTarget "InHuman" */;
			buildPhases = (
				B66AC9FB12FA92B255E34CF5 /* Sources */,
			);
			buildRules = (
			);
			dependencies = (
			);
			name = InHuman;
			packageProductDependencies = (
			);
			productName = InHuman;
			productReference = AAD231A17F77C459C84022D0 /* InHuman.app */;
			productType = "com.apple.product-type.application";
		};
/* End PBXNativeTarget section */

/* Begin PBXProject section */
		5D1FE04E2689B35A746D7B45 /* Project object */ = {
			isa = PBXProject;
			attributes = {
				BuildIndependentTargetsInParallel = YES;
				LastUpgradeCheck = 1430;
				TargetAttributes = {
					472075BD4C50AF9CCB4BBA1B = {
						DevelopmentTeam = 8W48T3S92B;
						ProvisioningStyle = Automatic;
					};
				};
			};
			buildConfigurationList = 862FE7C6DF5C707EF2873A9F /* Build configuration list for PBXProject "InHuman" */;
			developmentRegion = en;
			hasScannedForEncodings = 0;
			knownRegions = (
				Base,
				en,
			);
			mainGroup = CB63E8BD553C3004567CB212;
			minimizedProjectReferenceProxies = 1;
			preferredProjectObjectVersion = 77;
			productRefGroup = 2C0FEB48A9B2757D7FC7E390 /* Products */;
			projectDirPath = "";
			projectRoot = "";
			targets = (
				472075BD4C50AF9CCB4BBA1B /* InHuman */,
			);
		};
/* End PBXProject section */

/* Begin PBXSourcesBuildPhase section */
		B66AC9FB12FA92B255E34CF5 /* Sources */ = {
			isa = PBXSourcesBuildPhase;
			buildActionMask = 2147483647;
			files = (
				B31E2F2FC572310482C9F76C /* API.swift in Sources */,
				D8314275E07E16F4563B5F02 /* CaptureController.swift in Sources */,
				222EFF042AE889DF44E2A041 /* ChallengeViewController.swift in Sources */,
				29C00E74DBD2AFA547AA4EC9 /* Flow.swift in Sources */,
				A911F6F242E7B3B9FBBA573D /* Models.swift in Sources */,
				9F93CF6799A8127470A34591 /* ResultsView.swift in Sources */,
				45058822DE62D69F659013B3 /* Sensors.swift in Sources */,
				87BE005AF867ED2C42D27924 /* Views.swift in Sources */,
			);
			runOnlyForDeploymentPostprocessing = 0;
		};
/* End PBXSourcesBuildPhase section */

/* Begin XCBuildConfiguration section */
		53C315EB27AF6002136308E6 /* Release */ = {
			isa = XCBuildConfiguration;
			buildSettings = {
				ASSETCATALOG_COMPILER_APPICON_NAME = AppIcon;
				CODE_SIGN_IDENTITY = "iPhone Developer";
				GENERATE_INFOPLIST_FILE = NO;
				INFOPLIST_FILE = Info.plist;
				LD_RUNPATH_SEARCH_PATHS = (
					"$(inherited)",
					"@executable_path/Frameworks",
				);
				PRODUCT_BUNDLE_IDENTIFIER = com.hackmit.inhuman.danielpacheco;
				SDKROOT = iphoneos;
				TARGETED_DEVICE_FAMILY = 1;
			};
			name = Release;
		};
		653A061994A16239EBE32673 /* Debug */ = {
			isa = XCBuildConfiguration;
			buildSettings = {
				ALWAYS_SEARCH_USER_PATHS = NO;
				CLANG_ANALYZER_NONNULL = YES;
				CLANG_ANALYZER_NUMBER_OBJECT_CONVERSION = YES_AGGRESSIVE;
				CLANG_CXX_LANGUAGE_STANDARD = "gnu++14";
				CLANG_CXX_LIBRARY = "libc++";
				CLANG_ENABLE_MODULES = YES;
				CLANG_ENABLE_OBJC_ARC = YES;
				CLANG_ENABLE_OBJC_WEAK = YES;
				CLANG_WARN_BLOCK_CAPTURE_AUTORELEASING = YES;
				CLANG_WARN_BOOL_CONVERSION = YES;
				CLANG_WARN_COMMA = YES;
				CLANG_WARN_CONSTANT_CONVERSION = YES;
				CLANG_WARN_DEPRECATED_OBJC_IMPLEMENTATIONS = YES;
				CLANG_WARN_DIRECT_OBJC_ISA_USAGE = YES_ERROR;
				CLANG_WARN_DOCUMENTATION_COMMENTS = YES;
				CLANG_WARN_EMPTY_BODY = YES;
				CLANG_WARN_ENUM_CONVERSION = YES;
				CLANG_WARN_INFINITE_RECURSION = YES;
				CLANG_WARN_INT_CONVERSION = YES;
				CLANG_WARN_NON_LITERAL_NULL_CONVERSION = YES;
				CLANG_WARN_OBJC_IMPLICIT_RETAIN_SELF = YES;
				CLANG_WARN_OBJC_LITERAL_CONVERSION = YES;
				CLANG_WARN_OBJC_ROOT_CLASS = YES_ERROR;
				CLANG_WARN_QUOTED_INCLUDE_IN_FRAMEWORK_HEADER = YES;
				CLANG_WARN_RANGE_LOOP_ANALYSIS = YES;
				CLANG_WARN_STRICT_PROTOTYPES = YES;
				CLANG_WARN_SUSPICIOUS_MOVE = YES;
				CLANG_WARN_UNGUARDED_AVAILABILITY = YES_AGGRESSIVE;
				CLANG_WARN_UNREACHABLE_CODE = YES;
				CLANG_WARN__DUPLICATE_METHOD_MATCH = YES;
				CODE_SIGN_STYLE = Automatic;
				COPY_PHASE_STRIP = NO;
				CURRENT_PROJECT_VERSION = 1;
				DEBUG_INFORMATION_FORMAT = dwarf;
				DEVELOPMENT_TEAM = 8W48T3S92B;
				ENABLE_STRICT_OBJC_MSGSEND = YES;
				ENABLE_TESTABILITY = YES;
				GCC_C_LANGUAGE_STANDARD = gnu11;
				GCC_DYNAMIC_NO_PIC = NO;
				GCC_NO_COMMON_BLOCKS = YES;
				GCC_OPTIMIZATION_LEVEL = 0;
				GCC_PREPROCESSOR_DEFINITIONS = (
					"$(inherited)",
					"DEBUG=1",
				);
				GCC_WARN_64_TO_32_BIT_CONVERSION = YES;
				GCC_WARN_ABOUT_RETURN_TYPE = YES_ERROR;
				GCC_WARN_UNDECLARED_SELECTOR = YES;
				GCC_WARN_UNINITIALIZED_AUTOS = YES_AGGRESSIVE;
				GCC_WARN_UNUSED_FUNCTION = YES;
				GCC_WARN_UNUSED_VARIABLE = YES;
				IPHONEOS_DEPLOYMENT_TARGET = 17.0;
				MARKETING_VERSION = 0.1;
				MTL_ENABLE_DEBUG_INFO = INCLUDE_SOURCE;
				MTL_FAST_MATH = YES;
				ONLY_ACTIVE_ARCH = YES;
				PRODUCT_NAME = "$(TARGET_NAME)";
				SDKROOT = iphoneos;
				SWIFT_ACTIVE_COMPILATION_CONDITIONS = DEBUG;
				SWIFT_OPTIMIZATION_LEVEL = "-O";
				SWIFT_VERSION = 5.0;
			};
			name = Debug;
		};
		B055F15F1F64B0E6C09103DD /* Debug */ = {
			isa = XCBuildConfiguration;
			buildSettings = {
				ASSETCATALOG_COMPILER_APPICON_NAME = AppIcon;
				CODE_SIGN_IDENTITY = "iPhone Developer";
				GENERATE_INFOPLIST_FILE = NO;
				INFOPLIST_FILE = Info.plist;
				LD_RUNPATH_SEARCH_PATHS = (
					"$(inherited)",
					"@executable_path/Frameworks",
				);
				PRODUCT_BUNDLE_IDENTIFIER = com.hackmit.inhuman.danielpacheco;
				SDKROOT = iphoneos;
				TARGETED_DEVICE_FAMILY = 1;
			};
			name = Debug;
		};
		E7CEE6C4E842E8594672B345 /* Release */ = {
			isa = XCBuildConfiguration;
			buildSettings = {
				ALWAYS_SEARCH_USER_PATHS = NO;
				CLANG_ANALYZER_NONNULL = YES;
				CLANG_ANALYZER_NUMBER_OBJECT_CONVERSION = YES_AGGRESSIVE;
				CLANG_CXX_LANGUAGE_STANDARD = "gnu++14";
				CLANG_CXX_LIBRARY = "libc++";
				CLANG_ENABLE_MODULES = YES;
				CLANG_ENABLE_OBJC_ARC = YES;
				CLANG_ENABLE_OBJC_WEAK = YES;
				CLANG_WARN_BLOCK_CAPTURE_AUTORELEASING = YES;
				CLANG_WARN_BOOL_CONVERSION = YES;
				CLANG_WARN_COMMA = YES;
				CLANG_WARN_CONSTANT_CONVERSION = YES;
				CLANG_WARN_DEPRECATED_OBJC_IMPLEMENTATIONS = YES;
				CLANG_WARN_DIRECT_OBJC_ISA_USAGE = YES_ERROR;
				CLANG_WARN_DOCUMENTATION_COMMENTS = YES;
				CLANG_WARN_EMPTY_BODY = YES;
				CLANG_WARN_ENUM_CONVERSION = YES;
				CLANG_WARN_INFINITE_RECURSION = YES;
				CLANG_WARN_INT_CONVERSION = YES;
				CLANG_WARN_NON_LITERAL_NULL_CONVERSION = YES;
				CLANG_WARN_OBJC_IMPLICIT_RETAIN_SELF = YES;
				CLANG_WARN_OBJC_LITERAL_CONVERSION = YES;
				CLANG_WARN_OBJC_ROOT_CLASS = YES_ERROR;
				CLANG_WARN_QUOTED_INCLUDE_IN_FRAMEWORK_HEADER = YES;
				CLANG_WARN_RANGE_LOOP_ANALYSIS = YES;
				CLANG_WARN_STRICT_PROTOTYPES = YES;
				CLANG_WARN_SUSPICIOUS_MOVE = YES;
				CLANG_WARN_UNGUARDED_AVAILABILITY = YES_AGGRESSIVE;
				CLANG_WARN_UNREACHABLE_CODE = YES;
				CLANG_WARN__DUPLICATE_METHOD_MATCH = YES;
				CODE_SIGN_STYLE = Automatic;
				COPY_PHASE_STRIP = NO;
				CURRENT_PROJECT_VERSION = 1;
				DEBUG_INFORMATION_FORMAT = "dwarf-with-dsym";
				DEVELOPMENT_TEAM = 8W48T3S92B;
				ENABLE_NS_ASSERTIONS = NO;
				ENABLE_STRICT_OBJC_MSGSEND = YES;
				GCC_C_LANGUAGE_STANDARD = gnu11;
				GCC_NO_COMMON_BLOCKS = YES;
				GCC_WARN_64_TO_32_BIT_CONVERSION = YES;
				GCC_WARN_ABOUT_RETURN_TYPE = YES_ERROR;
				GCC_WARN_UNDECLARED_SELECTOR = YES;
				GCC_WARN_UNINITIALIZED_AUTOS = YES_AGGRESSIVE;
				GCC_WARN_UNUSED_FUNCTION = YES;
				GCC_WARN_UNUSED_VARIABLE = YES;
				IPHONEOS_DEPLOYMENT_TARGET = 17.0;
				MARKETING_VERSION = 0.1;
				MTL_ENABLE_DEBUG_INFO = NO;
				MTL_FAST_MATH = YES;
				PRODUCT_NAME = "$(TARGET_NAME)";
				SDKROOT = iphoneos;
				SWIFT_COMPILATION_MODE = wholemodule;
				SWIFT_OPTIMIZATION_LEVEL = "-O";
				SWIFT_VERSION = 5.0;
			};
			name = Release;
		};
/* End XCBuildConfiguration section */

/* Begin XCConfigurationList section */
		862FE7C6DF5C707EF2873A9F /* Build configuration list for PBXProject "InHuman" */ = {
			isa = XCConfigurationList;
			buildConfigurations = (
				653A061994A16239EBE32673 /* Debug */,
				E7CEE6C4E842E8594672B345 /* Release */,
			);
			defaultConfigurationIsVisible = 0;
			defaultConfigurationName = Debug;
		};
		A230CB35BDCFAE06A82F59C1 /* Build configuration list for PBXNativeTarget "InHuman" */ = {
			isa = XCConfigurationList;
			buildConfigurations = (
				B055F15F1F64B0E6C09103DD /* Debug */,
				53C315EB27AF6002136308E6 /* Release */,
			);
			defaultConfigurationIsVisible = 0;
			defaultConfigurationName = Debug;
		};
/* End XCConfigurationList section */
	};
	rootObject = 5D1FE04E2689B35A746D7B45 /* Project object */;
}
